// !$*UTF8*$!
{
	archiveVersion = 1;
	classes = {
	};
	objectVersion = 48;
	objects = {

/* Begin PBXBuildFile section */
		0ECC469B7E9D970A801D3C20 /* Pods_HSD.framework in Frameworks */ = {isa = PBXBuildFile; fileRef = 353B84E27D022E5AD03396EA /* Pods_HSD.framework */; };
		887C75B3993F35BC21BF41A7 /* Pods_HSDTests.framework in Frameworks */ = {isa = PBXBuildFile; fileRef = BC787BE4D190B15DAF2B33F1 /* Pods_HSDTests.framework */; };
		C51A5F731FE0A8A10082A405 /* AppDelegate.swift in Sources */ = {isa = PBXBuildFile; fileRef = C51A5F721FE0A8A10082A405 /* AppDelegate.swift */; };
		C51A5F751FE0A8A10082A405 /* RidesViewController.swift in Sources */ = {isa = PBXBuildFile; fileRef = C51A5F741FE0A8A10082A405 /* RidesViewController.swift */; };
		C51A5F781FE0A8A10082A405 /* Main.storyboard in Resources */ = {isa = PBXBuildFile; fileRef = C51A5F761FE0A8A10082A405 /* Main.storyboard */; };
		C51A5F7A1FE0A8A10082A405 /* Assets.xcassets in Resources */ = {isa = PBXBuildFile; fileRef = C51A5F791FE0A8A10082A405 /* Assets.xcassets */; };
		C51A5F7D1FE0A8A10082A405 /* LaunchScreen.storyboard in Resources */ = {isa = PBXBuildFile; fileRef = C51A5F7B1FE0A8A10082A405 /* LaunchScreen.storyboard */; };
		C51A5FA71FE0CF990082A405 /* RidesTab.storyboard in Resources */ = {isa = PBXBuildFile; fileRef = C51A5FA61FE0CF990082A405 /* RidesTab.storyboard */; };
		C51A5FA91FE0D2AE0082A405 /* PlaceholderBackgroundView.xib in Resources */ = {isa = PBXBuildFile; fileRef = C51A5FA81FE0D2AE0082A405 /* PlaceholderBackgroundView.xib */; };
		C51A5FAB1FE0D2D10082A405 /* PlaceholderBackgroundView.swift in Sources */ = {isa = PBXBuildFile; fileRef = C51A5FAA1FE0D2D10082A405 /* PlaceholderBackgroundView.swift */; };
		C51A5FAD1FE0D5920082A405 /* MenuBarView.swift in Sources */ = {isa = PBXBuildFile; fileRef = C51A5FAC1FE0D5920082A405 /* MenuBarView.swift */; };
		C51A5FAF1FE0D5C20082A405 /* MenuBarView.xib in Resources */ = {isa = PBXBuildFile; fileRef = C51A5FAE1FE0D5C20082A405 /* MenuBarView.xib */; };
		C51A5FB11FE0D7AA0082A405 /* CREDITS in Resources */ = {isa = PBXBuildFile; fileRef = C51A5FB01FE0D7AA0082A405 /* CREDITS */; };
		C51A5FB31FE0D9AB0082A405 /* LICENSE in Resources */ = {isa = PBXBuildFile; fileRef = C51A5FB21FE0D9AB0082A405 /* LICENSE */; };
		C51A5FB91FE0EEEF0082A405 /* MenuBarCell.swift in Sources */ = {isa = PBXBuildFile; fileRef = C51A5FB81FE0EEEF0082A405 /* MenuBarCell.swift */; };
		C51A5FBB1FE0F0690082A405 /* Menu.swift in Sources */ = {isa = PBXBuildFile; fileRef = C51A5FBA1FE0F0690082A405 /* Menu.swift */; };
		C51A5FBD1FE0F1220082A405 /* MenuBarCell.xib in Resources */ = {isa = PBXBuildFile; fileRef = C51A5FBC1FE0F1220082A405 /* MenuBarCell.xib */; };
		C51A5FBF1FE0F4990082A405 /* EmbededRideCell.xib in Resources */ = {isa = PBXBuildFile; fileRef = C51A5FBE1FE0F4990082A405 /* EmbededRideCell.xib */; };
		C51A5FC11FE0F52E0082A405 /* EmbededRideCell.swift in Sources */ = {isa = PBXBuildFile; fileRef = C51A5FC01FE0F52E0082A405 /* EmbededRideCell.swift */; };
		C51A5FC31FE0F5C80082A405 /* Ride.swift in Sources */ = {isa = PBXBuildFile; fileRef = C51A5FC21FE0F5C80082A405 /* Ride.swift */; };
		C51A5FC51FE0F9560082A405 /* RealmManager.swift in Sources */ = {isa = PBXBuildFile; fileRef = C51A5FC41FE0F9560082A405 /* RealmManager.swift */; };
		C51A5FC71FE0FAD20082A405 /* MainRidesCell.swift in Sources */ = {isa = PBXBuildFile; fileRef = C51A5FC61FE0FAD20082A405 /* MainRidesCell.swift */; };
		C51A5FCB1FE0FB260082A405 /* MainRidesCell.xib in Resources */ = {isa = PBXBuildFile; fileRef = C51A5FCA1FE0FB260082A405 /* MainRidesCell.xib */; };
		C51A5FCF1FE12DD90082A405 /* WebsViewController.swift in Sources */ = {isa = PBXBuildFile; fileRef = C51A5FCE1FE12DD90082A405 /* WebsViewController.swift */; };
		C51A5FD61FE1351B0082A405 /* RidersTab.storyboard in Resources */ = {isa = PBXBuildFile; fileRef = C51A5FD51FE1351B0082A405 /* RidersTab.storyboard */; };
		C51A5FD81FE138F40082A405 /* RiderCell.xib in Resources */ = {isa = PBXBuildFile; fileRef = C51A5FD71FE138F40082A405 /* RiderCell.xib */; };
		C51A5FDA1FE139CD0082A405 /* RiderCell.swift in Sources */ = {isa = PBXBuildFile; fileRef = C51A5FD91FE139CD0082A405 /* RiderCell.swift */; };
		C51A5FDC1FE13A650082A405 /* RidersViewController.swift in Sources */ = {isa = PBXBuildFile; fileRef = C51A5FDB1FE13A650082A405 /* RidersViewController.swift */; };
		C51A5FDE1FE18EC80082A405 /* User.swift in Sources */ = {isa = PBXBuildFile; fileRef = C51A5FDD1FE18EC80082A405 /* User.swift */; };
		C51A5FE01FE197110082A405 /* SettingsViewController.swift in Sources */ = {isa = PBXBuildFile; fileRef = C51A5FDF1FE197110082A405 /* SettingsViewController.swift */; };
		C51A5FE31FE1A0760082A405 /* UIView+Parallax.swift in Sources */ = {isa = PBXBuildFile; fileRef = C51A5FE21FE1A0760082A405 /* UIView+Parallax.swift */; };
		C51A5FE51FE1AD9C0082A405 /* ScheduleProcessViewController.swift in Sources */ = {isa = PBXBuildFile; fileRef = C51A5FE41FE1AD9C0082A405 /* ScheduleProcessViewController.swift */; };
		C51A5FE71FE1B9250082A405 /* URL+documents.swift in Sources */ = {isa = PBXBuildFile; fileRef = C51A5FE61FE1B9250082A405 /* URL+documents.swift */; };
		C51A5FE91FE1BA3E0082A405 /* AuthViewController.swift in Sources */ = {isa = PBXBuildFile; fileRef = C51A5FE81FE1BA3E0082A405 /* AuthViewController.swift */; };
		C51A5FEB1FE1BA9C0082A405 /* Welcome.storyboard in Resources */ = {isa = PBXBuildFile; fileRef = C51A5FEA1FE1BA9C0082A405 /* Welcome.storyboard */; };
		C51A5FEE1FE1BD570082A405 /* Session.swift in Sources */ = {isa = PBXBuildFile; fileRef = C51A5FED1FE1BD570082A405 /* Session.swift */; };
		C53A3AAD1FE5BC640057BFFE /* GoogleService-Info.plist in Resources */ = {isa = PBXBuildFile; fileRef = C53A3AAC1FE5BC640057BFFE /* GoogleService-Info.plist */; };
		C5DB745A1FE29F8500DF4216 /* AvatarViewController.swift in Sources */ = {isa = PBXBuildFile; fileRef = C5DB74591FE29F8500DF4216 /* AvatarViewController.swift */; };
		C5DB745C1FE2EFE600DF4216 /* CalendarViewController.swift in Sources */ = {isa = PBXBuildFile; fileRef = C5DB745B1FE2EFE600DF4216 /* CalendarViewController.swift */; };
		C5DB745E1FE2FF4D00DF4216 /* TimeViewController.swift in Sources */ = {isa = PBXBuildFile; fileRef = C5DB745D1FE2FF4D00DF4216 /* TimeViewController.swift */; };
		C5DE94451FE22EC400DA6C7E /* String+UIViewHeight.swift in Sources */ = {isa = PBXBuildFile; fileRef = C5DE94441FE22EC400DA6C7E /* String+UIViewHeight.swift */; };
		C5DE94471FE231EF00DA6C7E /* UICollectionView+BatchUpdates.swift in Sources */ = {isa = PBXBuildFile; fileRef = C5DE94461FE231EF00DA6C7E /* UICollectionView+BatchUpdates.swift */; };
		C5DE94491FE23AA300DA6C7E /* UITableView+BatchUpdates.swift in Sources */ = {isa = PBXBuildFile; fileRef = C5DE94481FE23AA300DA6C7E /* UITableView+BatchUpdates.swift */; };
		C5DE94591FE23CCA00DA6C7E /* RidesViewControllerTests.swift in Sources */ = {isa = PBXBuildFile; fileRef = C5DE94581FE23CCA00DA6C7E /* RidesViewControllerTests.swift */; };
		C5DE945E1FE247F200DA6C7E /* RidersHeaderView.swift in Sources */ = {isa = PBXBuildFile; fileRef = C5DE945D1FE247F200DA6C7E /* RidersHeaderView.swift */; };
		C5DE94601FE2483200DA6C7E /* RidersHeaderView.xib in Resources */ = {isa = PBXBuildFile; fileRef = C5DE945F1FE2483200DA6C7E /* RidersHeaderView.xib */; };
		C5DE94621FE25BCA00DA6C7E /* AddUserViewController.swift in Sources */ = {isa = PBXBuildFile; fileRef = C5DE94611FE25BCA00DA6C7E /* AddUserViewController.swift */; };
		C5DE94641FE2705200DA6C7E /* NamesViewController.swift in Sources */ = {isa = PBXBuildFile; fileRef = C5DE94631FE2705200DA6C7E /* NamesViewController.swift */; };
/* End PBXBuildFile section */

/* Begin PBXContainerItemProxy section */
		C5DE94531FE23C5800DA6C7E /* PBXContainerItemProxy */ = {
			isa = PBXContainerItemProxy;
			containerPortal = C51A5F671FE0A8A10082A405 /* Project object */;
			proxyType = 1;
			remoteGlobalIDString = C51A5F6E1FE0A8A10082A405;
			remoteInfo = HSD;
		};
/* End PBXContainerItemProxy section */

/* Begin PBXCopyFilesBuildPhase section */
		C51A5FA21FE0CD580082A405 /* Embed Frameworks */ = {
			isa = PBXCopyFilesBuildPhase;
			buildActionMask = 2147483647;
			dstPath = "";
			dstSubfolderSpec = 10;
			files = (
			);
			name = "Embed Frameworks";
			runOnlyForDeploymentPostprocessing = 0;
		};
/* End PBXCopyFilesBuildPhase section */

/* Begin PBXFileReference section */
		353B84E27D022E5AD03396EA /* Pods_HSD.framework */ = {isa = PBXFileReference; explicitFileType = wrapper.framework; includeInIndex = 0; path = Pods_HSD.framework; sourceTree = BUILT_PRODUCTS_DIR; };
		3CC4579C93665BC1B264F04C /* Pods-HSDTests.debug.xcconfig */ = {isa = PBXFileReference; includeInIndex = 1; lastKnownFileType = text.xcconfig; name = "Pods-HSDTests.debug.xcconfig"; path = "Pods/Target Support Files/Pods-HSDTests/Pods-HSDTests.debug.xcconfig"; sourceTree = "<group>"; };
		50171FD4B827361397826829 /* Pods-HSDTests.release.xcconfig */ = {isa = PBXFileReference; includeInIndex = 1; lastKnownFileType = text.xcconfig; name = "Pods-HSDTests.release.xcconfig"; path = "Pods/Target Support Files/Pods-HSDTests/Pods-HSDTests.release.xcconfig"; sourceTree = "<group>"; };
		BC787BE4D190B15DAF2B33F1 /* Pods_HSDTests.framework */ = {isa = PBXFileReference; explicitFileType = wrapper.framework; includeInIndex = 0; path = Pods_HSDTests.framework; sourceTree = BUILT_PRODUCTS_DIR; };
		C51A5F6F1FE0A8A10082A405 /* HSD.app */ = {isa = PBXFileReference; explicitFileType = wrapper.application; includeInIndex = 0; path = HSD.app; sourceTree = BUILT_PRODUCTS_DIR; };
		C51A5F721FE0A8A10082A405 /* AppDelegate.swift */ = {isa = PBXFileReference; lastKnownFileType = sourcecode.swift; path = AppDelegate.swift; sourceTree = "<group>"; };
		C51A5F741FE0A8A10082A405 /* RidesViewController.swift */ = {isa = PBXFileReference; lastKnownFileType = sourcecode.swift; path = RidesViewController.swift; sourceTree = "<group>"; };
		C51A5F771FE0A8A10082A405 /* Base */ = {isa = PBXFileReference; lastKnownFileType = file.storyboard; name = Base; path = Base.lproj/Main.storyboard; sourceTree = "<group>"; };
		C51A5F791FE0A8A10082A405 /* Assets.xcassets */ = {isa = PBXFileReference; lastKnownFileType = folder.assetcatalog; path = Assets.xcassets; sourceTree = "<group>"; };
		C51A5F7C1FE0A8A10082A405 /* Base */ = {isa = PBXFileReference; lastKnownFileType = file.storyboard; name = Base; path = Base.lproj/LaunchScreen.storyboard; sourceTree = "<group>"; };
		C51A5F7E1FE0A8A10082A405 /* Info.plist */ = {isa = PBXFileReference; lastKnownFileType = text.plist.xml; path = Info.plist; sourceTree = "<group>"; };
		C51A5FA61FE0CF990082A405 /* RidesTab.storyboard */ = {isa = PBXFileReference; lastKnownFileType = file.storyboard; path = RidesTab.storyboard; sourceTree = "<group>"; };
		C51A5FA81FE0D2AE0082A405 /* PlaceholderBackgroundView.xib */ = {isa = PBXFileReference; lastKnownFileType = file.xib; path = PlaceholderBackgroundView.xib; sourceTree = "<group>"; };
		C51A5FAA1FE0D2D10082A405 /* PlaceholderBackgroundView.swift */ = {isa = PBXFileReference; lastKnownFileType = sourcecode.swift; path = PlaceholderBackgroundView.swift; sourceTree = "<group>"; };
		C51A5FAC1FE0D5920082A405 /* MenuBarView.swift */ = {isa = PBXFileReference; lastKnownFileType = sourcecode.swift; path = MenuBarView.swift; sourceTree = "<group>"; };
		C51A5FAE1FE0D5C20082A405 /* MenuBarView.xib */ = {isa = PBXFileReference; lastKnownFileType = file.xib; path = MenuBarView.xib; sourceTree = "<group>"; };
		C51A5FB01FE0D7AA0082A405 /* CREDITS */ = {isa = PBXFileReference; lastKnownFileType = text; path = CREDITS; sourceTree = "<group>"; };
		C51A5FB21FE0D9AB0082A405 /* LICENSE */ = {isa = PBXFileReference; lastKnownFileType = text; path = LICENSE; sourceTree = "<group>"; };
		C51A5FB81FE0EEEF0082A405 /* MenuBarCell.swift */ = {isa = PBXFileReference; lastKnownFileType = sourcecode.swift; path = MenuBarCell.swift; sourceTree = "<group>"; };
		C51A5FBA1FE0F0690082A405 /* Menu.swift */ = {isa = PBXFileReference; lastKnownFileType = sourcecode.swift; path = Menu.swift; sourceTree = "<group>"; };
		C51A5FBC1FE0F1220082A405 /* MenuBarCell.xib */ = {isa = PBXFileReference; lastKnownFileType = file.xib; path = MenuBarCell.xib; sourceTree = "<group>"; };
		C51A5FBE1FE0F4990082A405 /* EmbededRideCell.xib */ = {isa = PBXFileReference; lastKnownFileType = file.xib; path = EmbededRideCell.xib; sourceTree = "<group>"; };
		C51A5FC01FE0F52E0082A405 /* EmbededRideCell.swift */ = {isa = PBXFileReference; lastKnownFileType = sourcecode.swift; path = EmbededRideCell.swift; sourceTree = "<group>"; };
		C51A5FC21FE0F5C80082A405 /* Ride.swift */ = {isa = PBXFileReference; lastKnownFileType = sourcecode.swift; path = Ride.swift; sourceTree = "<group>"; };
		C51A5FC41FE0F9560082A405 /* RealmManager.swift */ = {isa = PBXFileReference; lastKnownFileType = sourcecode.swift; path = RealmManager.swift; sourceTree = "<group>"; };
		C51A5FC61FE0FAD20082A405 /* MainRidesCell.swift */ = {isa = PBXFileReference; lastKnownFileType = sourcecode.swift; path = MainRidesCell.swift; sourceTree = "<group>"; };
		C51A5FCA1FE0FB260082A405 /* MainRidesCell.xib */ = {isa = PBXFileReference; lastKnownFileType = file.xib; path = MainRidesCell.xib; sourceTree = "<group>"; };
		C51A5FCE1FE12DD90082A405 /* WebsViewController.swift */ = {isa = PBXFileReference; lastKnownFileType = sourcecode.swift; path = WebsViewController.swift; sourceTree = "<group>"; };
		C51A5FD51FE1351B0082A405 /* RidersTab.storyboard */ = {isa = PBXFileReference; lastKnownFileType = file.storyboard; path = RidersTab.storyboard; sourceTree = "<group>"; };
		C51A5FD71FE138F40082A405 /* RiderCell.xib */ = {isa = PBXFileReference; lastKnownFileType = file.xib; path = RiderCell.xib; sourceTree = "<group>"; };
		C51A5FD91FE139CD0082A405 /* RiderCell.swift */ = {isa = PBXFileReference; lastKnownFileType = sourcecode.swift; path = RiderCell.swift; sourceTree = "<group>"; };
		C51A5FDB1FE13A650082A405 /* RidersViewController.swift */ = {isa = PBXFileReference; lastKnownFileType = sourcecode.swift; path = RidersViewController.swift; sourceTree = "<group>"; };
		C51A5FDD1FE18EC80082A405 /* User.swift */ = {isa = PBXFileReference; lastKnownFileType = sourcecode.swift; path = User.swift; sourceTree = "<group>"; };
		C51A5FDF1FE197110082A405 /* SettingsViewController.swift */ = {isa = PBXFileReference; lastKnownFileType = sourcecode.swift; path = SettingsViewController.swift; sourceTree = "<group>"; };
		C51A5FE21FE1A0760082A405 /* UIView+Parallax.swift */ = {isa = PBXFileReference; lastKnownFileType = sourcecode.swift; path = "UIView+Parallax.swift"; sourceTree = "<group>"; };
		C51A5FE41FE1AD9C0082A405 /* ScheduleProcessViewController.swift */ = {isa = PBXFileReference; lastKnownFileType = sourcecode.swift; path = ScheduleProcessViewController.swift; sourceTree = "<group>"; };
		C51A5FE61FE1B9250082A405 /* URL+documents.swift */ = {isa = PBXFileReference; lastKnownFileType = sourcecode.swift; path = "URL+documents.swift"; sourceTree = "<group>"; };
		C51A5FE81FE1BA3E0082A405 /* AuthViewController.swift */ = {isa = PBXFileReference; lastKnownFileType = sourcecode.swift; path = AuthViewController.swift; sourceTree = "<group>"; };
		C51A5FEA1FE1BA9C0082A405 /* Welcome.storyboard */ = {isa = PBXFileReference; lastKnownFileType = file.storyboard; path = Welcome.storyboard; sourceTree = "<group>"; };
		C51A5FED1FE1BD570082A405 /* Session.swift */ = {isa = PBXFileReference; lastKnownFileType = sourcecode.swift; path = Session.swift; sourceTree = "<group>"; };
		C53A3AAC1FE5BC640057BFFE /* GoogleService-Info.plist */ = {isa = PBXFileReference; fileEncoding = 4; lastKnownFileType = text.plist.xml; path = "GoogleService-Info.plist"; sourceTree = "<group>"; };
		C5DB74591FE29F8500DF4216 /* AvatarViewController.swift */ = {isa = PBXFileReference; lastKnownFileType = sourcecode.swift; path = AvatarViewController.swift; sourceTree = "<group>"; };
		C5DB745B1FE2EFE600DF4216 /* CalendarViewController.swift */ = {isa = PBXFileReference; lastKnownFileType = sourcecode.swift; path = CalendarViewController.swift; sourceTree = "<group>"; };
		C5DB745D1FE2FF4D00DF4216 /* TimeViewController.swift */ = {isa = PBXFileReference; lastKnownFileType = sourcecode.swift; path = TimeViewController.swift; sourceTree = "<group>"; };
		C5DE94441FE22EC400DA6C7E /* String+UIViewHeight.swift */ = {isa = PBXFileReference; lastKnownFileType = sourcecode.swift; path = "String+UIViewHeight.swift"; sourceTree = "<group>"; };
		C5DE94461FE231EF00DA6C7E /* UICollectionView+BatchUpdates.swift */ = {isa = PBXFileReference; lastKnownFileType = sourcecode.swift; path = "UICollectionView+BatchUpdates.swift"; sourceTree = "<group>"; };
		C5DE94481FE23AA300DA6C7E /* UITableView+BatchUpdates.swift */ = {isa = PBXFileReference; lastKnownFileType = sourcecode.swift; path = "UITableView+BatchUpdates.swift"; sourceTree = "<group>"; };
		C5DE944E1FE23C5800DA6C7E /* HSDTests.xctest */ = {isa = PBXFileReference; explicitFileType = wrapper.cfbundle; includeInIndex = 0; path = HSDTests.xctest; sourceTree = BUILT_PRODUCTS_DIR; };
		C5DE94521FE23C5800DA6C7E /* Info.plist */ = {isa = PBXFileReference; lastKnownFileType = text.plist.xml; path = Info.plist; sourceTree = "<group>"; };
		C5DE94581FE23CCA00DA6C7E /* RidesViewControllerTests.swift */ = {isa = PBXFileReference; lastKnownFileType = sourcecode.swift; path = RidesViewControllerTests.swift; sourceTree = "<group>"; };
		C5DE945D1FE247F200DA6C7E /* RidersHeaderView.swift */ = {isa = PBXFileReference; lastKnownFileType = sourcecode.swift; path = RidersHeaderView.swift; sourceTree = "<group>"; };
		C5DE945F1FE2483200DA6C7E /* RidersHeaderView.xib */ = {isa = PBXFileReference; lastKnownFileType = file.xib; path = RidersHeaderView.xib; sourceTree = "<group>"; };
		C5DE94611FE25BCA00DA6C7E /* AddUserViewController.swift */ = {isa = PBXFileReference; lastKnownFileType = sourcecode.swift; path = AddUserViewController.swift; sourceTree = "<group>"; };
		C5DE94631FE2705200DA6C7E /* NamesViewController.swift */ = {isa = PBXFileReference; lastKnownFileType = sourcecode.swift; path = NamesViewController.swift; sourceTree = "<group>"; };
		E6982503C61A025EA1A4764A /* Pods-HSD.release.xcconfig */ = {isa = PBXFileReference; includeInIndex = 1; lastKnownFileType = text.xcconfig; name = "Pods-HSD.release.xcconfig"; path = "Pods/Target Support Files/Pods-HSD/Pods-HSD.release.xcconfig"; sourceTree = "<group>"; };
		F559DA9B736BE102BFDB5218 /* Pods-HSD.debug.xcconfig */ = {isa = PBXFileReference; includeInIndex = 1; lastKnownFileType = text.xcconfig; name = "Pods-HSD.debug.xcconfig"; path = "Pods/Target Support Files/Pods-HSD/Pods-HSD.debug.xcconfig"; sourceTree = "<group>"; };
/* End PBXFileReference section */

/* Begin PBXFrameworksBuildPhase section */
		C51A5F6C1FE0A8A10082A405 /* Frameworks */ = {
			isa = PBXFrameworksBuildPhase;
			buildActionMask = 2147483647;
			files = (
				0ECC469B7E9D970A801D3C20 /* Pods_HSD.framework in Frameworks */,
			);
			runOnlyForDeploymentPostprocessing = 0;
		};
		C5DE944B1FE23C5800DA6C7E /* Frameworks */ = {
			isa = PBXFrameworksBuildPhase;
			buildActionMask = 2147483647;
			files = (
				887C75B3993F35BC21BF41A7 /* Pods_HSDTests.framework in Frameworks */,
			);
			runOnlyForDeploymentPostprocessing = 0;
		};
/* End PBXFrameworksBuildPhase section */

/* Begin PBXGroup section */
		444DE23E7FAE07722DEB6DB1 /* Pods */ = {
			isa = PBXGroup;
			children = (
				F559DA9B736BE102BFDB5218 /* Pods-HSD.debug.xcconfig */,
				E6982503C61A025EA1A4764A /* Pods-HSD.release.xcconfig */,
				3CC4579C93665BC1B264F04C /* Pods-HSDTests.debug.xcconfig */,
				50171FD4B827361397826829 /* Pods-HSDTests.release.xcconfig */,
			);
			name = Pods;
			sourceTree = "<group>";
		};
		C037A0F602178F5DA39448C3 /* Frameworks */ = {
			isa = PBXGroup;
			children = (
				353B84E27D022E5AD03396EA /* Pods_HSD.framework */,
				BC787BE4D190B15DAF2B33F1 /* Pods_HSDTests.framework */,
			);
			name = Frameworks;
			sourceTree = "<group>";
		};
		C51A5F661FE0A8A10082A405 = {
			isa = PBXGroup;
			children = (
				C51A5F711FE0A8A10082A405 /* HSD */,
				C5DE944F1FE23C5800DA6C7E /* HSDTests */,
				C51A5F701FE0A8A10082A405 /* Products */,
				444DE23E7FAE07722DEB6DB1 /* Pods */,
				C037A0F602178F5DA39448C3 /* Frameworks */,
			);
			sourceTree = "<group>";
		};
		C51A5F701FE0A8A10082A405 /* Products */ = {
			isa = PBXGroup;
			children = (
				C51A5F6F1FE0A8A10082A405 /* HSD.app */,
				C5DE944E1FE23C5800DA6C7E /* HSDTests.xctest */,
			);
			name = Products;
			sourceTree = "<group>";
		};
		C51A5F711FE0A8A10082A405 /* HSD */ = {
			isa = PBXGroup;
			children = (
				C51A5F871FE0BB680082A405 /* App */,
				C51A5F941FE0BFBB0082A405 /* Networking */,
				C51A5F981FE0C2660082A405 /* Persistence */,
				C51A5FD01FE134C20082A405 /* Riders */,
				C51A5F841FE0AD960082A405 /* Rides */,
				C51A5F971FE0BFE60082A405 /* Theme */,
				C51A5F851FE0ADBB0082A405 /* Welcome */,
			);
			path = HSD;
			sourceTree = "<group>";
		};
		C51A5F841FE0AD960082A405 /* Rides */ = {
			isa = PBXGroup;
			children = (
				C51A5F901FE0BC1E0082A405 /* Controllers */,
				C51A5F931FE0BC370082A405 /* Models */,
				C51A5F921FE0BC2A0082A405 /* Resources */,
				C51A5F911FE0BC250082A405 /* Views */,
			);
			path = Rides;
			sourceTree = "<group>";
		};
		C51A5F851FE0ADBB0082A405 /* Welcome */ = {
			isa = PBXGroup;
			children = (
				C51A5F8D1FE0BBD90082A405 /* Controllers */,
				C51A5F8E1FE0BBE00082A405 /* Resources */,
				C51A5F8F1FE0BBE60082A405 /* Views */,
			);
			path = Welcome;
			sourceTree = "<group>";
		};
		C51A5F871FE0BB680082A405 /* App */ = {
			isa = PBXGroup;
			children = (
				C51A5F881FE0BB770082A405 /* AppDelegate */,
				C51A5F891FE0BB840082A405 /* Controllers */,
				C51A5FE11FE1A05F0082A405 /* Extensions */,
				C51A5FEC1FE1BD4D0082A405 /* Models */,
				C51A5F8B1FE0BB9A0082A405 /* Resources */,
				C51A5F8A1FE0BB8F0082A405 /* Supporting Files */,
				C51A5F8C1FE0BBA10082A405 /* Views */,
			);
			path = App;
			sourceTree = "<group>";
		};
		C51A5F881FE0BB770082A405 /* AppDelegate */ = {
			isa = PBXGroup;
			children = (
				C51A5F721FE0A8A10082A405 /* AppDelegate.swift */,
			);
			path = AppDelegate;
			sourceTree = "<group>";
		};
		C51A5F891FE0BB840082A405 /* Controllers */ = {
			isa = PBXGroup;
			children = (
				C51A5FCE1FE12DD90082A405 /* WebsViewController.swift */,
			);
			path = Controllers;
			sourceTree = "<group>";
		};
		C51A5F8A1FE0BB8F0082A405 /* Supporting Files */ = {
			isa = PBXGroup;
			children = (
				C53A3AAC1FE5BC640057BFFE /* GoogleService-Info.plist */,
				C51A5FB01FE0D7AA0082A405 /* CREDITS */,
				C51A5F7E1FE0A8A10082A405 /* Info.plist */,
				C51A5FB21FE0D9AB0082A405 /* LICENSE */,
			);
			path = "Supporting Files";
			sourceTree = "<group>";
		};
		C51A5F8B1FE0BB9A0082A405 /* Resources */ = {
			isa = PBXGroup;
			children = (
				C51A5F791FE0A8A10082A405 /* Assets.xcassets */,
			);
			path = Resources;
			sourceTree = "<group>";
		};
		C51A5F8C1FE0BBA10082A405 /* Views */ = {
			isa = PBXGroup;
			children = (
				C51A5F761FE0A8A10082A405 /* Main.storyboard */,
				C51A5FAA1FE0D2D10082A405 /* PlaceholderBackgroundView.swift */,
				C51A5FA81FE0D2AE0082A405 /* PlaceholderBackgroundView.xib */,
			);
			path = Views;
			sourceTree = "<group>";
		};
		C51A5F8D1FE0BBD90082A405 /* Controllers */ = {
			isa = PBXGroup;
			children = (
				C51A5FE81FE1BA3E0082A405 /* AuthViewController.swift */,
			);
			path = Controllers;
			sourceTree = "<group>";
		};
		C51A5F8E1FE0BBE00082A405 /* Resources */ = {
			isa = PBXGroup;
			children = (
			);
			path = Resources;
			sourceTree = "<group>";
		};
		C51A5F8F1FE0BBE60082A405 /* Views */ = {
			isa = PBXGroup;
			children = (
				C51A5F7B1FE0A8A10082A405 /* LaunchScreen.storyboard */,
				C51A5FEA1FE1BA9C0082A405 /* Welcome.storyboard */,
			);
			path = Views;
			sourceTree = "<group>";
		};
		C51A5F901FE0BC1E0082A405 /* Controllers */ = {
			isa = PBXGroup;
			children = (
				C5DB745B1FE2EFE600DF4216 /* CalendarViewController.swift */,
				C51A5F741FE0A8A10082A405 /* RidesViewController.swift */,
				C51A5FE41FE1AD9C0082A405 /* ScheduleProcessViewController.swift */,
				C5DB745D1FE2FF4D00DF4216 /* TimeViewController.swift */,
			);
			path = Controllers;
			sourceTree = "<group>";
		};
		C51A5F911FE0BC250082A405 /* Views */ = {
			isa = PBXGroup;
			children = (
				C51A5FC01FE0F52E0082A405 /* EmbededRideCell.swift */,
				C51A5FBE1FE0F4990082A405 /* EmbededRideCell.xib */,
				C51A5FC61FE0FAD20082A405 /* MainRidesCell.swift */,
				C51A5FCA1FE0FB260082A405 /* MainRidesCell.xib */,
				C51A5FB81FE0EEEF0082A405 /* MenuBarCell.swift */,
				C51A5FBC1FE0F1220082A405 /* MenuBarCell.xib */,
				C51A5FAC1FE0D5920082A405 /* MenuBarView.swift */,
				C51A5FAE1FE0D5C20082A405 /* MenuBarView.xib */,
				C51A5FA61FE0CF990082A405 /* RidesTab.storyboard */,
			);
			path = Views;
			sourceTree = "<group>";
		};
		C51A5F921FE0BC2A0082A405 /* Resources */ = {
			isa = PBXGroup;
			children = (
			);
			path = Resources;
			sourceTree = "<group>";
		};
		C51A5F931FE0BC370082A405 /* Models */ = {
			isa = PBXGroup;
			children = (
				C51A5FBA1FE0F0690082A405 /* Menu.swift */,
				C51A5FC21FE0F5C80082A405 /* Ride.swift */,
			);
			path = Models;
			sourceTree = "<group>";
		};
		C51A5F941FE0BFBB0082A405 /* Networking */ = {
			isa = PBXGroup;
			children = (
				C51A5F961FE0BFD40082A405 /* Extensions */,
				C51A5F951FE0BFCE0082A405 /* Models */,
			);
			path = Networking;
			sourceTree = "<group>";
		};
		C51A5F951FE0BFCE0082A405 /* Models */ = {
			isa = PBXGroup;
			children = (
			);
			path = Models;
			sourceTree = "<group>";
		};
		C51A5F961FE0BFD40082A405 /* Extensions */ = {
			isa = PBXGroup;
			children = (
			);
			path = Extensions;
			sourceTree = "<group>";
		};
		C51A5F971FE0BFE60082A405 /* Theme */ = {
			isa = PBXGroup;
			children = (
			);
			path = Theme;
			sourceTree = "<group>";
		};
		C51A5F981FE0C2660082A405 /* Persistence */ = {
			isa = PBXGroup;
			children = (
				C51A5FA41FE0CE140082A405 /* Extensions */,
				C51A5FA51FE0CE1A0082A405 /* Models */,
			);
			path = Persistence;
			sourceTree = "<group>";
		};
		C51A5FA41FE0CE140082A405 /* Extensions */ = {
			isa = PBXGroup;
			children = (
			);
			path = Extensions;
			sourceTree = "<group>";
		};
		C51A5FA51FE0CE1A0082A405 /* Models */ = {
			isa = PBXGroup;
			children = (
				C51A5FC41FE0F9560082A405 /* RealmManager.swift */,
			);
			path = Models;
			sourceTree = "<group>";
		};
		C51A5FD01FE134C20082A405 /* Riders */ = {
			isa = PBXGroup;
			children = (
				C51A5FD31FE134DE0082A405 /* Controllers */,
				C51A5FD11FE134D10082A405 /* Models */,
				C51A5FD41FE134EC0082A405 /* Resources */,
				C51A5FD21FE134D90082A405 /* Views */,
			);
			path = Riders;
			sourceTree = "<group>";
		};
		C51A5FD11FE134D10082A405 /* Models */ = {
			isa = PBXGroup;
			children = (
				C51A5FDD1FE18EC80082A405 /* User.swift */,
			);
			path = Models;
			sourceTree = "<group>";
		};
		C51A5FD21FE134D90082A405 /* Views */ = {
			isa = PBXGroup;
			children = (
				C51A5FD91FE139CD0082A405 /* RiderCell.swift */,
				C51A5FD71FE138F40082A405 /* RiderCell.xib */,
				C5DE945D1FE247F200DA6C7E /* RidersHeaderView.swift */,
				C5DE945F1FE2483200DA6C7E /* RidersHeaderView.xib */,
				C51A5FD51FE1351B0082A405 /* RidersTab.storyboard */,
			);
			path = Views;
			sourceTree = "<group>";
		};
		C51A5FD31FE134DE0082A405 /* Controllers */ = {
			isa = PBXGroup;
			children = (
				C5DE94611FE25BCA00DA6C7E /* AddUserViewController.swift */,
				C5DB74591FE29F8500DF4216 /* AvatarViewController.swift */,
				C5DE94631FE2705200DA6C7E /* NamesViewController.swift */,
				C51A5FDB1FE13A650082A405 /* RidersViewController.swift */,
				C51A5FDF1FE197110082A405 /* SettingsViewController.swift */,
			);
			path = Controllers;
			sourceTree = "<group>";
		};
		C51A5FD41FE134EC0082A405 /* Resources */ = {
			isa = PBXGroup;
			children = (
			);
			path = Resources;
			sourceTree = "<group>";
		};
		C51A5FE11FE1A05F0082A405 /* Extensions */ = {
			isa = PBXGroup;
			children = (
				C51A5FE21FE1A0760082A405 /* UIView+Parallax.swift */,
				C51A5FE61FE1B9250082A405 /* URL+documents.swift */,
				C5DE94441FE22EC400DA6C7E /* String+UIViewHeight.swift */,
				C5DE94461FE231EF00DA6C7E /* UICollectionView+BatchUpdates.swift */,
				C5DE94481FE23AA300DA6C7E /* UITableView+BatchUpdates.swift */,
			);
			path = Extensions;
			sourceTree = "<group>";
		};
		C51A5FEC1FE1BD4D0082A405 /* Models */ = {
			isa = PBXGroup;
			children = (
				C51A5FED1FE1BD570082A405 /* Session.swift */,
			);
			path = Models;
			sourceTree = "<group>";
		};
		C5DE944F1FE23C5800DA6C7E /* HSDTests */ = {
			isa = PBXGroup;
			children = (
				C5DE94521FE23C5800DA6C7E /* Info.plist */,
				C5DE94581FE23CCA00DA6C7E /* RidesViewControllerTests.swift */,
			);
			path = HSDTests;
			sourceTree = "<group>";
		};
/* End PBXGroup section */

/* Begin PBXNativeTarget section */
		C51A5F6E1FE0A8A10082A405 /* HSD */ = {
			isa = PBXNativeTarget;
			buildConfigurationList = C51A5F811FE0A8A10082A405 /* Build configuration list for PBXNativeTarget "HSD" */;
			buildPhases = (
				6707595D3799491CCB2F803D /* [CP] Check Pods Manifest.lock */,
				C51A5F6B1FE0A8A10082A405 /* Sources */,
				C51A5F6C1FE0A8A10082A405 /* Frameworks */,
				C51A5F6D1FE0A8A10082A405 /* Resources */,
				C51A5FA21FE0CD580082A405 /* Embed Frameworks */,
				5A0ABB235DE9A3B3372AE968 /* [CP] Embed Pods Frameworks */,
				0C057240AE6730A4E8725C8B /* [CP] Copy Pods Resources */,
			);
			buildRules = (
			);
			dependencies = (
			);
			name = HSD;
			productName = HSD;
			productReference = C51A5F6F1FE0A8A10082A405 /* HSD.app */;
			productType = "com.apple.product-type.application";
		};
		C5DE944D1FE23C5800DA6C7E /* HSDTests */ = {
			isa = PBXNativeTarget;
			buildConfigurationList = C5DE94551FE23C5800DA6C7E /* Build configuration list for PBXNativeTarget "HSDTests" */;
			buildPhases = (
				14C236CEE7CA23BC7BE57C91 /* [CP] Check Pods Manifest.lock */,
				C5DE944A1FE23C5800DA6C7E /* Sources */,
				C5DE944B1FE23C5800DA6C7E /* Frameworks */,
				C5DE944C1FE23C5800DA6C7E /* Resources */,
				76C28053CA51A697929DBB1C /* [CP] Embed Pods Frameworks */,
				32DD36A8FCFB06DB3988852A /* [CP] Copy Pods Resources */,
			);
			buildRules = (
			);
			dependencies = (
				C5DE94541FE23C5800DA6C7E /* PBXTargetDependency */,
			);
			name = HSDTests;
			productName = HSDTests;
			productReference = C5DE944E1FE23C5800DA6C7E /* HSDTests.xctest */;
			productType = "com.apple.product-type.bundle.unit-test";
		};
/* End PBXNativeTarget section */

/* Begin PBXProject section */
		C51A5F671FE0A8A10082A405 /* Project object */ = {
			isa = PBXProject;
			attributes = {
				LastSwiftUpdateCheck = 0910;
				LastUpgradeCheck = 0910;
				ORGANIZATIONNAME = rightmeow;
				TargetAttributes = {
					C51A5F6E1FE0A8A10082A405 = {
						CreatedOnToolsVersion = 9.1;
						LastSwiftMigration = 0910;
						ProvisioningStyle = Automatic;
					};
					C5DE944D1FE23C5800DA6C7E = {
						CreatedOnToolsVersion = 9.1;
						LastSwiftMigration = 0910;
						ProvisioningStyle = Automatic;
						TestTargetID = C51A5F6E1FE0A8A10082A405;
					};
				};
			};
			buildConfigurationList = C51A5F6A1FE0A8A10082A405 /* Build configuration list for PBXProject "HSD" */;
			compatibilityVersion = "Xcode 8.0";
			developmentRegion = en;
			hasScannedForEncodings = 0;
			knownRegions = (
				en,
				Base,
			);
			mainGroup = C51A5F661FE0A8A10082A405;
			productRefGroup = C51A5F701FE0A8A10082A405 /* Products */;
			projectDirPath = "";
			projectRoot = "";
			targets = (
				C51A5F6E1FE0A8A10082A405 /* HSD */,
				C5DE944D1FE23C5800DA6C7E /* HSDTests */,
			);
		};
/* End PBXProject section */

/* Begin PBXResourcesBuildPhase section */
		C51A5F6D1FE0A8A10082A405 /* Resources */ = {
			isa = PBXResourcesBuildPhase;
			buildActionMask = 2147483647;
			files = (
				C51A5FA71FE0CF990082A405 /* RidesTab.storyboard in Resources */,
				C51A5F7D1FE0A8A10082A405 /* LaunchScreen.storyboard in Resources */,
				C51A5FB31FE0D9AB0082A405 /* LICENSE in Resources */,
				C51A5FEB1FE1BA9C0082A405 /* Welcome.storyboard in Resources */,
				C51A5FBD1FE0F1220082A405 /* MenuBarCell.xib in Resources */,
				C51A5FA91FE0D2AE0082A405 /* PlaceholderBackgroundView.xib in Resources */,
				C51A5FD81FE138F40082A405 /* RiderCell.xib in Resources */,
				C51A5FAF1FE0D5C20082A405 /* MenuBarView.xib in Resources */,
				C51A5F7A1FE0A8A10082A405 /* Assets.xcassets in Resources */,
				C53A3AAD1FE5BC640057BFFE /* GoogleService-Info.plist in Resources */,
				C51A5FD61FE1351B0082A405 /* RidersTab.storyboard in Resources */,
				C51A5FCB1FE0FB260082A405 /* MainRidesCell.xib in Resources */,
				C5DE94601FE2483200DA6C7E /* RidersHeaderView.xib in Resources */,
				C51A5FBF1FE0F4990082A405 /* EmbededRideCell.xib in Resources */,
				C51A5F781FE0A8A10082A405 /* Main.storyboard in Resources */,
				C51A5FB11FE0D7AA0082A405 /* CREDITS in Resources */,
			);
			runOnlyForDeploymentPostprocessing = 0;
		};
		C5DE944C1FE23C5800DA6C7E /* Resources */ = {
			isa = PBXResourcesBuildPhase;
			buildActionMask = 2147483647;
			files = (
			);
			runOnlyForDeploymentPostprocessing = 0;
		};
/* End PBXResourcesBuildPhase section */

/* Begin PBXShellScriptBuildPhase section */
		0C057240AE6730A4E8725C8B /* [CP] Copy Pods Resources */ = {
			isa = PBXShellScriptBuildPhase;
			buildActionMask = 2147483647;
			files = (
			);
			inputPaths = (
			);
			name = "[CP] Copy Pods Resources";
			outputPaths = (
			);
			runOnlyForDeploymentPostprocessing = 0;
			shellPath = /bin/sh;
			shellScript = "\"${SRCROOT}/Pods/Target Support Files/Pods-HSD/Pods-HSD-resources.sh\"\n";
			showEnvVarsInLog = 0;
		};
		14C236CEE7CA23BC7BE57C91 /* [CP] Check Pods Manifest.lock */ = {
			isa = PBXShellScriptBuildPhase;
			buildActionMask = 2147483647;
			files = (
			);
			inputPaths = (
				"${PODS_PODFILE_DIR_PATH}/Podfile.lock",
				"${PODS_ROOT}/Manifest.lock",
			);
			name = "[CP] Check Pods Manifest.lock";
			outputPaths = (
				"$(DERIVED_FILE_DIR)/Pods-HSDTests-checkManifestLockResult.txt",
			);
			runOnlyForDeploymentPostprocessing = 0;
			shellPath = /bin/sh;
			shellScript = "diff \"${PODS_PODFILE_DIR_PATH}/Podfile.lock\" \"${PODS_ROOT}/Manifest.lock\" > /dev/null\nif [ $? != 0 ] ; then\n    # print error to STDERR\n    echo \"error: The sandbox is not in sync with the Podfile.lock. Run 'pod install' or update your CocoaPods installation.\" >&2\n    exit 1\nfi\n# This output is used by Xcode 'outputs' to avoid re-running this script phase.\necho \"SUCCESS\" > \"${SCRIPT_OUTPUT_FILE_0}\"\n";
			showEnvVarsInLog = 0;
		};
		32DD36A8FCFB06DB3988852A /* [CP] Copy Pods Resources */ = {
			isa = PBXShellScriptBuildPhase;
			buildActionMask = 2147483647;
			files = (
			);
			inputPaths = (
			);
			name = "[CP] Copy Pods Resources";
			outputPaths = (
			);
			runOnlyForDeploymentPostprocessing = 0;
			shellPath = /bin/sh;
			shellScript = "\"${SRCROOT}/Pods/Target Support Files/Pods-HSDTests/Pods-HSDTests-resources.sh\"\n";
			showEnvVarsInLog = 0;
		};
		5A0ABB235DE9A3B3372AE968 /* [CP] Embed Pods Frameworks */ = {
			isa = PBXShellScriptBuildPhase;
			buildActionMask = 2147483647;
			files = (
			);
			inputPaths = (
				"${SRCROOT}/Pods/Target Support Files/Pods-HSD/Pods-HSD-frameworks.sh",
				"${BUILT_PRODUCTS_DIR}/GoogleToolboxForMac/GoogleToolboxForMac.framework",
				"${BUILT_PRODUCTS_DIR}/JTAppleCalendar/JTAppleCalendar.framework",
				"${BUILT_PRODUCTS_DIR}/Realm/Realm.framework",
				"${BUILT_PRODUCTS_DIR}/RealmSwift/RealmSwift.framework",
				"${BUILT_PRODUCTS_DIR}/nanopb/nanopb.framework",
			);
			name = "[CP] Embed Pods Frameworks";
			outputPaths = (
				"${TARGET_BUILD_DIR}/${FRAMEWORKS_FOLDER_PATH}/GoogleToolboxForMac.framework",
				"${TARGET_BUILD_DIR}/${FRAMEWORKS_FOLDER_PATH}/JTAppleCalendar.framework",
				"${TARGET_BUILD_DIR}/${FRAMEWORKS_FOLDER_PATH}/Realm.framework",
				"${TARGET_BUILD_DIR}/${FRAMEWORKS_FOLDER_PATH}/RealmSwift.framework",
				"${TARGET_BUILD_DIR}/${FRAMEWORKS_FOLDER_PATH}/nanopb.framework",
			);
			runOnlyForDeploymentPostprocessing = 0;
			shellPath = /bin/sh;
			shellScript = "\"${SRCROOT}/Pods/Target Support Files/Pods-HSD/Pods-HSD-frameworks.sh\"\n";
			showEnvVarsInLog = 0;
		};
		6707595D3799491CCB2F803D /* [CP] Check Pods Manifest.lock */ = {
			isa = PBXShellScriptBuildPhase;
			buildActionMask = 2147483647;
			files = (
			);
			inputPaths = (
				"${PODS_PODFILE_DIR_PATH}/Podfile.lock",
				"${PODS_ROOT}/Manifest.lock",
			);
			name = "[CP] Check Pods Manifest.lock";
			outputPaths = (
				"$(DERIVED_FILE_DIR)/Pods-HSD-checkManifestLockResult.txt",
			);
			runOnlyForDeploymentPostprocessing = 0;
			shellPath = /bin/sh;
			shellScript = "diff \"${PODS_PODFILE_DIR_PATH}/Podfile.lock\" \"${PODS_ROOT}/Manifest.lock\" > /dev/null\nif [ $? != 0 ] ; then\n    # print error to STDERR\n    echo \"error: The sandbox is not in sync with the Podfile.lock. Run 'pod install' or update your CocoaPods installation.\" >&2\n    exit 1\nfi\n# This output is used by Xcode 'outputs' to avoid re-running this script phase.\necho \"SUCCESS\" > \"${SCRIPT_OUTPUT_FILE_0}\"\n";
			showEnvVarsInLog = 0;
		};
		76C28053CA51A697929DBB1C /* [CP] Embed Pods Frameworks */ = {
			isa = PBXShellScriptBuildPhase;
			buildActionMask = 2147483647;
			files = (
			);
			inputPaths = (
			);
			name = "[CP] Embed Pods Frameworks";
			outputPaths = (
			);
			runOnlyForDeploymentPostprocessing = 0;
			shellPath = /bin/sh;
			shellScript = "\"${SRCROOT}/Pods/Target Support Files/Pods-HSDTests/Pods-HSDTests-frameworks.sh\"\n";
			showEnvVarsInLog = 0;
		};
/* End PBXShellScriptBuildPhase section */

/* Begin PBXSourcesBuildPhase section */
		C51A5F6B1FE0A8A10082A405 /* Sources */ = {
			isa = PBXSourcesBuildPhase;
			buildActionMask = 2147483647;
			files = (
				C5DE94621FE25BCA00DA6C7E /* AddUserViewController.swift in Sources */,
				C51A5FEE1FE1BD570082A405 /* Session.swift in Sources */,
				C51A5FDA1FE139CD0082A405 /* RiderCell.swift in Sources */,
				C51A5FDC1FE13A650082A405 /* RidersViewController.swift in Sources */,
				C51A5FBB1FE0F0690082A405 /* Menu.swift in Sources */,
				C51A5FC31FE0F5C80082A405 /* Ride.swift in Sources */,
				C51A5FE71FE1B9250082A405 /* URL+documents.swift in Sources */,
				C5DE945E1FE247F200DA6C7E /* RidersHeaderView.swift in Sources */,
				C51A5FCF1FE12DD90082A405 /* WebsViewController.swift in Sources */,
				C51A5F751FE0A8A10082A405 /* RidesViewController.swift in Sources */,
				C51A5FDE1FE18EC80082A405 /* User.swift in Sources */,
				C51A5FC11FE0F52E0082A405 /* EmbededRideCell.swift in Sources */,
				C5DB745C1FE2EFE600DF4216 /* CalendarViewController.swift in Sources */,
				C51A5FE01FE197110082A405 /* SettingsViewController.swift in Sources */,
				C51A5FE31FE1A0760082A405 /* UIView+Parallax.swift in Sources */,
				C51A5FB91FE0EEEF0082A405 /* MenuBarCell.swift in Sources */,
				C51A5FE51FE1AD9C0082A405 /* ScheduleProcessViewController.swift in Sources */,
				C5DE94491FE23AA300DA6C7E /* UITableView+BatchUpdates.swift in Sources */,
				C51A5FC51FE0F9560082A405 /* RealmManager.swift in Sources */,
				C5DE94451FE22EC400DA6C7E /* String+UIViewHeight.swift in Sources */,
				C51A5FAD1FE0D5920082A405 /* MenuBarView.swift in Sources */,
				C51A5F731FE0A8A10082A405 /* AppDelegate.swift in Sources */,
				C5DE94471FE231EF00DA6C7E /* UICollectionView+BatchUpdates.swift in Sources */,
				C51A5FE91FE1BA3E0082A405 /* AuthViewController.swift in Sources */,
				C5DB745A1FE29F8500DF4216 /* AvatarViewController.swift in Sources */,
				C5DB745E1FE2FF4D00DF4216 /* TimeViewController.swift in Sources */,
				C51A5FC71FE0FAD20082A405 /* MainRidesCell.swift in Sources */,
				C51A5FAB1FE0D2D10082A405 /* PlaceholderBackgroundView.swift in Sources */,
				C5DE94641FE2705200DA6C7E /* NamesViewController.swift in Sources */,
			);
			runOnlyForDeploymentPostprocessing = 0;
		};
		C5DE944A1FE23C5800DA6C7E /* Sources */ = {
			isa = PBXSourcesBuildPhase;
			buildActionMask = 2147483647;
			files = (
				C5DE94591FE23CCA00DA6C7E /* RidesViewControllerTests.swift in Sources */,
			);
			runOnlyForDeploymentPostprocessing = 0;
		};
/* End PBXSourcesBuildPhase section */

/* Begin PBXTargetDependency section */
		C5DE94541FE23C5800DA6C7E /* PBXTargetDependency */ = {
			isa = PBXTargetDependency;
			target = C51A5F6E1FE0A8A10082A405 /* HSD */;
			targetProxy = C5DE94531FE23C5800DA6C7E /* PBXContainerItemProxy */;
		};
/* End PBXTargetDependency section */

/* Begin PBXVariantGroup section */
		C51A5F761FE0A8A10082A405 /* Main.storyboard */ = {
			isa = PBXVariantGroup;
			children = (
				C51A5F771FE0A8A10082A405 /* Base */,
			);
			name = Main.storyboard;
			sourceTree = "<group>";
		};
		C51A5F7B1FE0A8A10082A405 /* LaunchScreen.storyboard */ = {
			isa = PBXVariantGroup;
			children = (
				C51A5F7C1FE0A8A10082A405 /* Base */,
			);
			name = LaunchScreen.storyboard;
			sourceTree = "<group>";
		};
/* End PBXVariantGroup section */

/* Begin XCBuildConfiguration section */
		C51A5F7F1FE0A8A10082A405 /* Debug */ = {
			isa = XCBuildConfiguration;
			buildSettings = {
				ALWAYS_SEARCH_USER_PATHS = NO;
				CLANG_ANALYZER_NONNULL = YES;
				CLANG_ANALYZER_NUMBER_OBJECT_CONVERSION = YES_AGGRESSIVE;
				CLANG_CXX_LANGUAGE_STANDARD = "gnu++14";
				CLANG_CXX_LIBRARY = "libc++";
				CLANG_ENABLE_MODULES = YES;
				CLANG_ENABLE_OBJC_ARC = YES;
				CLANG_WARN_BLOCK_CAPTURE_AUTORELEASING = YES;
				CLANG_WARN_BOOL_CONVERSION = YES;
				CLANG_WARN_COMMA = YES;
				CLANG_WARN_CONSTANT_CONVERSION = YES;
				CLANG_WARN_DIRECT_OBJC_ISA_USAGE = YES_ERROR;
				CLANG_WARN_DOCUMENTATION_COMMENTS = YES;
				CLANG_WARN_EMPTY_BODY = YES;
				CLANG_WARN_ENUM_CONVERSION = YES;
				CLANG_WARN_INFINITE_RECURSION = YES;
				CLANG_WARN_INT_CONVERSION = YES;
				CLANG_WARN_NON_LITERAL_NULL_CONVERSION = YES;
				CLANG_WARN_OBJC_LITERAL_CONVERSION = YES;
				CLANG_WARN_OBJC_ROOT_CLASS = YES_ERROR;
				CLANG_WARN_RANGE_LOOP_ANALYSIS = YES;
				CLANG_WARN_STRICT_PROTOTYPES = YES;
				CLANG_WARN_SUSPICIOUS_MOVE = YES;
				CLANG_WARN_UNGUARDED_AVAILABILITY = YES_AGGRESSIVE;
				CLANG_WARN_UNREACHABLE_CODE = YES;
				CLANG_WARN__DUPLICATE_METHOD_MATCH = YES;
				CODE_SIGN_IDENTITY = "iPhone Developer";
				COPY_PHASE_STRIP = NO;
				DEBUG_INFORMATION_FORMAT = dwarf;
				ENABLE_STRICT_OBJC_MSGSEND = YES;
				ENABLE_TESTABILITY = YES;
				GCC_C_LANGUAGE_STANDARD = gnu11;
				GCC_DYNAMIC_NO_PIC = NO;
				GCC_NO_COMMON_BLOCKS = YES;
				GCC_OPTIMIZATION_LEVEL = 0;
				GCC_PREPROCESSOR_DEFINITIONS = (
					"DEBUG=1",
					"$(inherited)",
				);
				GCC_WARN_64_TO_32_BIT_CONVERSION = YES;
				GCC_WARN_ABOUT_RETURN_TYPE = YES_ERROR;
				GCC_WARN_UNDECLARED_SELECTOR = YES;
				GCC_WARN_UNINITIALIZED_AUTOS = YES_AGGRESSIVE;
				GCC_WARN_UNUSED_FUNCTION = YES;
				GCC_WARN_UNUSED_VARIABLE = YES;
				IPHONEOS_DEPLOYMENT_TARGET = 11.1;
				MTL_ENABLE_DEBUG_INFO = YES;
				ONLY_ACTIVE_ARCH = YES;
				SDKROOT = iphoneos;
				SWIFT_ACTIVE_COMPILATION_CONDITIONS = DEBUG;
				SWIFT_OPTIMIZATION_LEVEL = "-Onone";
			};
			name = Debug;
		};
		C51A5F801FE0A8A10082A405 /* Release */ = {
			isa = XCBuildConfiguration;
			buildSettings = {
				ALWAYS_SEARCH_USER_PATHS = NO;
				CLANG_ANALYZER_NONNULL = YES;
				CLANG_ANALYZER_NUMBER_OBJECT_CONVERSION = YES_AGGRESSIVE;
				CLANG_CXX_LANGUAGE_STANDARD = "gnu++14";
				CLANG_CXX_LIBRARY = "libc++";
				CLANG_ENABLE_MODULES = YES;
				CLANG_ENABLE_OBJC_ARC = YES;
				CLANG_WARN_BLOCK_CAPTURE_AUTORELEASING = YES;
				CLANG_WARN_BOOL_CONVERSION = YES;
				CLANG_WARN_COMMA = YES;
				CLANG_WARN_CONSTANT_CONVERSION = YES;
				CLANG_WARN_DIRECT_OBJC_ISA_USAGE = YES_ERROR;
				CLANG_WARN_DOCUMENTATION_COMMENTS = YES;
				CLANG_WARN_EMPTY_BODY = YES;
				CLANG_WARN_ENUM_CONVERSION = YES;
				CLANG_WARN_INFINITE_RECURSION = YES;
				CLANG_WARN_INT_CONVERSION = YES;
				CLANG_WARN_NON_LITERAL_NULL_CONVERSION = YES;
				CLANG_WARN_OBJC_LITERAL_CONVERSION = YES;
				CLANG_WARN_OBJC_ROOT_CLASS = YES_ERROR;
				CLANG_WARN_RANGE_LOOP_ANALYSIS = YES;
				CLANG_WARN_STRICT_PROTOTYPES = YES;
				CLANG_WARN_SUSPICIOUS_MOVE = YES;
				CLANG_WARN_UNGUARDED_AVAILABILITY = YES_AGGRESSIVE;
				CLANG_WARN_UNREACHABLE_CODE = YES;
				CLANG_WARN__DUPLICATE_METHOD_MATCH = YES;
				CODE_SIGN_IDENTITY = "iPhone Developer";
				COPY_PHASE_STRIP = NO;
				DEBUG_INFORMATION_FORMAT = "dwarf-with-dsym";
				ENABLE_NS_ASSERTIONS = NO;
				ENABLE_STRICT_OBJC_MSGSEND = YES;
				GCC_C_LANGUAGE_STANDARD = gnu11;
				GCC_NO_COMMON_BLOCKS = YES;
				GCC_WARN_64_TO_32_BIT_CONVERSION = YES;
				GCC_WARN_ABOUT_RETURN_TYPE = YES_ERROR;
				GCC_WARN_UNDECLARED_SELECTOR = YES;
				GCC_WARN_UNINITIALIZED_AUTOS = YES_AGGRESSIVE;
				GCC_WARN_UNUSED_FUNCTION = YES;
				GCC_WARN_UNUSED_VARIABLE = YES;
				IPHONEOS_DEPLOYMENT_TARGET = 11.1;
				MTL_ENABLE_DEBUG_INFO = NO;
				SDKROOT = iphoneos;
				SWIFT_OPTIMIZATION_LEVEL = "-Owholemodule";
				VALIDATE_PRODUCT = YES;
			};
			name = Release;
		};
		C51A5F821FE0A8A10082A405 /* Debug */ = {
			isa = XCBuildConfiguration;
			baseConfigurationReference = F559DA9B736BE102BFDB5218 /* Pods-HSD.debug.xcconfig */;
			buildSettings = {
				ASSETCATALOG_COMPILER_APPICON_NAME = AppIcon;
				CLANG_ENABLE_MODULES = YES;
				CODE_SIGN_STYLE = Automatic;
				DEVELOPMENT_TEAM = LUU7Q496SS;
				FRAMEWORK_SEARCH_PATHS = (
					"$(inherited)",
					"$(PROJECT_DIR)/Frameworks",
					"$(PROJECT_DIR)",
					"$(PROJECT_DIR)/Frameworks",
				);
				INFOPLIST_FILE = "$(SRCROOT)/HSD/App/Supporting Files/Info.plist";
				LD_RUNPATH_SEARCH_PATHS = "$(inherited) @executable_path/Frameworks";
				OTHER_LDFLAGS = "";
				PRODUCT_BUNDLE_IDENTIFIER = com.rightmeow.HSD;
				PRODUCT_NAME = "$(TARGET_NAME)";
				SWIFT_OBJC_BRIDGING_HEADER = "";
				SWIFT_OPTIMIZATION_LEVEL = "-Onone";
				SWIFT_VERSION = 4.0;
				TARGETED_DEVICE_FAMILY = "1,2";
				USER_HEADER_SEARCH_PATHS = "";
			};
			name = Debug;
		};
		C51A5F831FE0A8A10082A405 /* Release */ = {
			isa = XCBuildConfiguration;
			baseConfigurationReference = E6982503C61A025EA1A4764A /* Pods-HSD.release.xcconfig */;
			buildSettings = {
				ASSETCATALOG_COMPILER_APPICON_NAME = AppIcon;
				CLANG_ENABLE_MODULES = YES;
				CODE_SIGN_STYLE = Automatic;
				DEVELOPMENT_TEAM = LUU7Q496SS;
				FRAMEWORK_SEARCH_PATHS = (
					"$(inherited)",
					"$(PROJECT_DIR)/Frameworks",
					"$(PROJECT_DIR)",
					"$(PROJECT_DIR)/Frameworks",
				);
				INFOPLIST_FILE = "$(SRCROOT)/HSD/App/Supporting Files/Info.plist";
				LD_RUNPATH_SEARCH_PATHS = "$(inherited) @executable_path/Frameworks";
				OTHER_LDFLAGS = "";
				PRODUCT_BUNDLE_IDENTIFIER = com.rightmeow.HSD;
				PRODUCT_NAME = "$(TARGET_NAME)";
				SWIFT_OBJC_BRIDGING_HEADER = "";
				SWIFT_VERSION = 4.0;
				TARGETED_DEVICE_FAMILY = "1,2";
				USER_HEADER_SEARCH_PATHS = "";
			};
			name = Release;
		};
		C5DE94561FE23C5800DA6C7E /* Debug */ = {
			isa = XCBuildConfiguration;
			baseConfigurationReference = 3CC4579C93665BC1B264F04C /* Pods-HSDTests.debug.xcconfig */;
			buildSettings = {
				BUNDLE_LOADER = "$(TEST_HOST)";
				CLANG_ENABLE_MODULES = YES;
				CODE_SIGN_STYLE = Automatic;
				DEVELOPMENT_TEAM = LUU7Q496SS;
				FRAMEWORK_SEARCH_PATHS = "";
				INFOPLIST_FILE = HSDTests/Info.plist;
				LD_RUNPATH_SEARCH_PATHS = "$(inherited) @executable_path/Frameworks @loader_path/Frameworks";
				PRODUCT_BUNDLE_IDENTIFIER = com.rightmeow.HSDTests;
				PRODUCT_NAME = "$(TARGET_NAME)";
				SWIFT_OPTIMIZATION_LEVEL = "-Onone";
				SWIFT_VERSION = 4.0;
				TARGETED_DEVICE_FAMILY = "1,2";
				TEST_HOST = "$(BUILT_PRODUCTS_DIR)/HSD.app/HSD";
			};
			name = Debug;
		};
		C5DE94571FE23C5800DA6C7E /* Release */ = {
			isa = XCBuildConfiguration;
			baseConfigurationReference = 50171FD4B827361397826829 /* Pods-HSDTests.release.xcconfig */;
			buildSettings = {
				BUNDLE_LOADER = "$(TEST_HOST)";
				CLANG_ENABLE_MODULES = YES;
				CODE_SIGN_STYLE = Automatic;
				DEVELOPMENT_TEAM = LUU7Q496SS;
				FRAMEWORK_SEARCH_PATHS = "";
				INFOPLIST_FILE = HSDTests/Info.plist;
				LD_RUNPATH_SEARCH_PATHS = "$(inherited) @executable_path/Frameworks @loader_path/Frameworks";
				PRODUCT_BUNDLE_IDENTIFIER = com.rightmeow.HSDTests;
				PRODUCT_NAME = "$(TARGET_NAME)";
				SWIFT_VERSION = 4.0;
				TARGETED_DEVICE_FAMILY = "1,2";
				TEST_HOST = "$(BUILT_PRODUCTS_DIR)/HSD.app/HSD";
			};
			name = Release;
		};
/* End XCBuildConfiguration section */

/* Begin XCConfigurationList section */
		C51A5F6A1FE0A8A10082A405 /* Build configuration list for PBXProject "HSD" */ = {
			isa = XCConfigurationList;
			buildConfigurations = (
				C51A5F7F1FE0A8A10082A405 /* Debug */,
				C51A5F801FE0A8A10082A405 /* Release */,
			);
			defaultConfigurationIsVisible = 0;
			defaultConfigurationName = Release;
		};
		C51A5F811FE0A8A10082A405 /* Build configuration list for PBXNativeTarget "HSD" */ = {
			isa = XCConfigurationList;
			buildConfigurations = (
				C51A5F821FE0A8A10082A405 /* Debug */,
				C51A5F831FE0A8A10082A405 /* Release */,
			);
			defaultConfigurationIsVisible = 0;
			defaultConfigurationName = Release;
		};
		C5DE94551FE23C5800DA6C7E /* Build configuration list for PBXNativeTarget "HSDTests" */ = {
			isa = XCConfigurationList;
			buildConfigurations = (
				C5DE94561FE23C5800DA6C7E /* Debug */,
				C5DE94571FE23C5800DA6C7E /* Release */,
			);
			defaultConfigurationIsVisible = 0;
			defaultConfigurationName = Release;
		};
/* End XCConfigurationList section */
	};
	rootObject = C51A5F671FE0A8A10082A405 /* Project object */;
}
